github.com/davecgh/go-spew v1.1.0/go.mod h1:J7Y8YcW2NihsgmVo/mv3lAwl/skON4iLHjSsI+c5H38=
github.com/hashicorp/go-version v1.7.0/go.mod h1:fltr4n8CU8Ke44wwGCBoEymUuxUHl09ZGVZPK5anwXA=
github.com/koding/logging v0.0.0-20160720134017-8b5a689ed69b h1:Ix1hwcOtW6e0KG1+Fn1blMih1O4td/fa9Q2Br0/zPBo=
github.com/koding/logging v0.0.0-20160720134017-8b5a689ed69b/go.mod h1:km9Clt+22fAbEvoPJSRufXDN110ZA6xLNU7oe4dwRHk=
github.com/koding/vagrantutil v0.0.0-20180710063911-70827343f116 h1:Vz8yxD7KdJtxvbvICXzP/9i+5b5gycAwNJhuLLmHA8w=
github.com/koding/vagrantutil v0.0.0-20180710063911-70827343f116/go.mod h1:wGKGSSG2332hC2o1g27cXp8LuzMbVCW37iPyoBfEJVA=
github.com/pmezard/go-difflib v1.0.0/go.mod h1:iKH77koFhYxTK1pcRnkKkqfTogsbg7gZNVY4sRDYZ/4=
github.com/smallfish/simpleyaml v0.1.0 h1:5uAZdLAiHxS9cmzkOxg7lH0dILXKTD7uRZbAhyHmyU0=
github.com/smallfish/simpleyaml v0.1.0/go.mod h1:gU3WdNn44dQVAbVHD2SrSqKKCvmzFApWD2UURhgEj1M=
github.com/spf13/pflag v1.0.5 h1:iy+VFUOCP1a+8yFto/drg2CJ5u0yRoB7fZw3DKv/JXA=
github.com/spf13/pflag v1.0.5/go.mod h1:McXfInJRrz4CZXVZOBLb0bTZqETkiAhM9Iw0y3An2Bg=
github.com/stretchr/objx v0.1.0/go.mod h1:HFkY916IF+rwdDfMAkV7OtwuqBVzrE8GR6GFx+wExME=
github.com/stretchr/testify v1.7.0/go.mod h1:6Fq8oRcR53rry900zMqJjRRixrwX3KX962/h/Wwjteg=
gopkg.in/check.v1 v0.0.0-20161208181325-20d25e280405/go.mod h1:Co6ibVJAznAaIkqp8huTwlJQCZ016jof/cbN4VW5Yz0=
gopkg.in/yaml.v2 v2.4.0 h1:D8xgwECY7CYvx+Y2n4sBz93Jn9JRvxdiyyo8CTfuKaY=
gopkg.in/yaml.v2 v2.4.0/go.mod h1:RDklbk79AGWmwhnvt/jBztapEOGDOx6ZbXqjP6csGnQ=
gopkg.in/yaml.v3 v3.0.0-20200313102051-9f266ea9e77c/go.mod h1:K4uyk7z7BCEPqu6E+C64Yfv1cQ7kz7rIZviUmN+EgEM=
